
Microsoft Visual Studio Solution File, Format Version 12.00
# Visual Studio Version 16
VisualStudioVersion = 16.0.31702.278
MinimumVisualStudioVersion = 10.0.40219.1
Project("{9A19103F-16F7-4668-BE54-9A1E7A4F7556}") = "desafio-01-numeros-primos", "desafio-01-numeros-primos\desafio-01-numeros-primos.csproj", "{92DB96D0-C6DA-4707-B108-28C57E85A815}"
EndProject
Project("{9A19103F-16F7-4668-BE54-9A1E7A4F7556}") = "desafio-02-fibonacci", "desafio-02-fibonacci\desafio-02-fibonacci.csproj", "{F8E08FE4-121E-4CAF-BC16-577918DA82FC}"
EndProject
Project("{9A19103F-16F7-4668-BE54-9A1E7A4F7556}") = "desafio-03-piramides", "desafio-03-piramides\desafio-03-piramides.csproj", "{C39A1968-AF8A-4766-A3EB-E4457B218E0E}"
EndProject
Project("{FAE04EC0-301F-11D3-BF4B-00C04F79EFBC}") = "desafio-04-mapa_do_mario", "desafio-04-mapa_do_mario\desafio-04-mapa_do_mario.csproj", "{044608CE-0A53-47B9-B151-EE06DE76E95C}"
EndProject
Project("{FAE04EC0-301F-11D3-BF4B-00C04F79EFBC}") = "desafio-05-troco", "desafio-05-troco\desafio-05-troco.csproj", "{B27C4B92-4BEB-4DD7-B516-91CD967B7DA4}"
EndProject
Global
	GlobalSection(SolutionConfigurationPlatforms) = preSolution
		Debug|Any CPU = Debug|Any CPU
		Release|Any CPU = Release|Any CPU
	EndGlobalSection
	GlobalSection(ProjectConfigurationPlatforms) = postSolution
		{92DB96D0-C6DA-4707-B108-28C57E85A815}.Debug|Any CPU.ActiveCfg = Debug|Any CPU
		{92DB96D0-C6DA-4707-B108-28C57E85A815}.Debug|Any CPU.Build.0 = Debug|Any CPU
		{92DB96D0-C6DA-4707-B108-28C57E85A815}.Release|Any CPU.ActiveCfg = Release|Any CPU
		{92DB96D0-C6DA-4707-B108-28C57E85A815}.Release|Any CPU.Build.0 = Release|Any CPU
		{F8E08FE4-121E-4CAF-BC16-577918DA82FC}.Debug|Any CPU.ActiveCfg = Debug|Any CPU
		{F8E08FE4-121E-4CAF-BC16-577918DA82FC}.Debug|Any CPU.Build.0 = Debug|Any CPU
		{F8E08FE4-121E-4CAF-BC16-577918DA82FC}.Release|Any CPU.ActiveCfg = Release|Any CPU
		{F8E08FE4-121E-4CAF-BC16-577918DA82FC}.Release|Any CPU.Build.0 = Release|Any CPU
		{C39A1968-AF8A-4766-A3EB-E4457B218E0E}.Debug|Any CPU.ActiveCfg = Debug|Any CPU
		{C39A1968-AF8A-4766-A3EB-E4457B218E0E}.Debug|Any CPU.Build.0 = Debug|Any CPU
		{C39A1968-AF8A-4766-A3EB-E4457B218E0E}.Release|Any CPU.ActiveCfg = Release|Any CPU
		{C39A1968-AF8A-4766-A3EB-E4457B218E0E}.Release|Any CPU.Build.0 = Release|Any CPU
		{044608CE-0A53-47B9-B151-EE06DE76E95C}.Debug|Any CPU.ActiveCfg = Debug|Any CPU
		{044608CE-0A53-47B9-B151-EE06DE76E95C}.Debug|Any CPU.Build.0 = Debug|Any CPU
		{044608CE-0A53-47B9-B151-EE06DE76E95C}.Release|Any CPU.ActiveCfg = Release|Any CPU
		{044608CE-0A53-47B9-B151-EE06DE76E95C}.Release|Any CPU.Build.0 = Release|Any CPU
		{B27C4B92-4BEB-4DD7-B516-91CD967B7DA4}.Debug|Any CPU.ActiveCfg = Debug|Any CPU
		{B27C4B92-4BEB-4DD7-B516-91CD967B7DA4}.Debug|Any CPU.Build.0 = Debug|Any CPU
		{B27C4B92-4BEB-4DD7-B516-91CD967B7DA4}.Release|Any CPU.ActiveCfg = Release|Any CPU
		{B27C4B92-4BEB-4DD7-B516-91CD967B7DA4}.Release|Any CPU.Build.0 = Release|Any CPU
	EndGlobalSection
	GlobalSection(SolutionProperties) = preSolution
		HideSolutionNode = FALSE
	EndGlobalSection
	GlobalSection(ExtensibilityGlobals) = postSolution
		SolutionGuid = {5E9093BD-06AA-4A98-9BDF-8F5D0EC36523}
	EndGlobalSection
EndGlobal
